
Microsoft Visual Studio Solution File, Format Version 12.00
# Visual Studio Version 17
VisualStudioVersion = 17.10.35013.160
MinimumVisualStudioVersion = 10.0.40219.1
Project("{FAE04EC0-301F-11D3-BF4B-00C04F79EFBC}") = "MVC_Curso", "MVC_Curso\MVC_Curso.csproj", "{518FF07F-6446-46A2-8786-331319B49753}"
EndProject
Global
	GlobalSection(SolutionConfigurationPlatforms) = preSolution
		Debug|Any CPU = Debug|Any CPU
		Release|Any CPU = Release|Any CPU
	EndGlobalSection
	GlobalSection(ProjectConfigurationPlatforms) = postSolution
		{518FF07F-6446-46A2-8786-331319B49753}.Debug|Any CPU.ActiveCfg = Debug|Any CPU
		{518FF07F-6446-46A2-8786-331319B49753}.Debug|Any CPU.Build.0 = Debug|Any CPU
		{518FF07F-6446-46A2-8786-331319B49753}.Release|Any CPU.ActiveCfg = Release|Any CPU
		{518FF07F-6446-46A2-8786-331319B49753}.Release|Any CPU.Build.0 = Release|Any CPU
	EndGlobalSection
	GlobalSection(SolutionProperties) = preSolution
		HideSolutionNode = FALSE
	EndGlobalSection
	GlobalSection(ExtensibilityGlobals) = postSolution
		SolutionGuid = {D517EA44-87C1-40BC-8726-1EEB7A2ED7A1}
	EndGlobalSection
EndGlobal
